
Microsoft Visual Studio Solution File, Format Version 12.00
# Visual Studio Version 16
VisualStudioVersion = 16.0.31624.102
MinimumVisualStudioVersion = 10.0.40219.1
Project("{9A19103F-16F7-4668-BE54-9A1E7A4F7556}") = "Api", "ServiceRequests\Api.csproj", "{41477EC3-2CFA-44B5-B954-2CCB6D9EFA5C}"
EndProject
Project("{FAE04EC0-301F-11D3-BF4B-00C04F79EFBC}") = "Tests", "Tests\Tests.csproj", "{6C5E7FAE-474E-4424-8677-03BED72C97D8}"
EndProject
Project("{FAE04EC0-301F-11D3-BF4B-00C04F79EFBC}") = "WebApp", "WebApp\WebApp.csproj", "{43650D3C-C5D7-478F-98F9-FBAF769ACA90}"
EndProject
Global
	GlobalSection(SolutionConfigurationPlatforms) = preSolution
		Debug|Any CPU = Debug|Any CPU
		Release|Any CPU = Release|Any CPU
	EndGlobalSection
	GlobalSection(ProjectConfigurationPlatforms) = postSolution
		{41477EC3-2CFA-44B5-B954-2CCB6D9EFA5C}.Debug|Any CPU.ActiveCfg = Debug|Any CPU
		{41477EC3-2CFA-44B5-B954-2CCB6D9EFA5C}.Debug|Any CPU.Build.0 = Debug|Any CPU
		{41477EC3-2CFA-44B5-B954-2CCB6D9EFA5C}.Release|Any CPU.ActiveCfg = Release|Any CPU
		{41477EC3-2CFA-44B5-B954-2CCB6D9EFA5C}.Release|Any CPU.Build.0 = Release|Any CPU
		{6C5E7FAE-474E-4424-8677-03BED72C97D8}.Debug|Any CPU.ActiveCfg = Debug|Any CPU
		{6C5E7FAE-474E-4424-8677-03BED72C97D8}.Debug|Any CPU.Build.0 = Debug|Any CPU
		{6C5E7FAE-474E-4424-8677-03BED72C97D8}.Release|Any CPU.ActiveCfg = Release|Any CPU
		{6C5E7FAE-474E-4424-8677-03BED72C97D8}.Release|Any CPU.Build.0 = Release|Any CPU
		{43650D3C-C5D7-478F-98F9-FBAF769ACA90}.Debug|Any CPU.ActiveCfg = Debug|Any CPU
		{43650D3C-C5D7-478F-98F9-FBAF769ACA90}.Debug|Any CPU.Build.0 = Debug|Any CPU
		{43650D3C-C5D7-478F-98F9-FBAF769ACA90}.Release|Any CPU.ActiveCfg = Release|Any CPU
		{43650D3C-C5D7-478F-98F9-FBAF769ACA90}.Release|Any CPU.Build.0 = Release|Any CPU
	EndGlobalSection
	GlobalSection(SolutionProperties) = preSolution
		HideSolutionNode = FALSE
	EndGlobalSection
	GlobalSection(ExtensibilityGlobals) = postSolution
		SolutionGuid = {330CA1DE-3EA4-4D20-829C-DDB2DE1813C4}
	EndGlobalSection
EndGlobal
